# THIS IS AN AUTOGENERATED FILE. DO NOT EDIT THIS FILE DIRECTLY.
# yarn lockfile v1


package@^1.0.1:
  version "1.0.1"
  resolved "https://registry.yarnpkg.com/package/-/package-1.0.1.tgz#d25a1f99e2506dcb27d6704b83dca8a312e4edcc"
  integrity sha512-g6xZR6CO7okjie83sIRJodgGvaXqymfE5GLhN8N2TmZGShmHc/V23hO/vWbdnuy3D81As3pfovw72gGi42l9qA==
